
Microsoft Visual Studio Solution File, Format Version 12.00
# Visual Studio 15
VisualStudioVersion = 15.0.27703.2000
MinimumVisualStudioVersion = 10.0.40219.1
Project("{FAE04EC0-301F-11D3-BF4B-00C04F79EFBC}") = "KSH.ArtOfUnitTesting", "KSH.ArtOfUnitTesting\KSH.ArtOfUnitTesting.csproj", "{C55E3BEF-52E1-4741-8376-2308984C910A}"
EndProject
Global
	GlobalSection(SolutionConfigurationPlatforms) = preSolution
		Debug|Any CPU = Debug|Any CPU
		Release|Any CPU = Release|Any CPU
	EndGlobalSection
	GlobalSection(ProjectConfigurationPlatforms) = postSolution
		{C55E3BEF-52E1-4741-8376-2308984C910A}.Debug|Any CPU.ActiveCfg = Debug|Any CPU
		{C55E3BEF-52E1-4741-8376-2308984C910A}.Debug|Any CPU.Build.0 = Debug|Any CPU
		{C55E3BEF-52E1-4741-8376-2308984C910A}.Release|Any CPU.ActiveCfg = Release|Any CPU
		{C55E3BEF-52E1-4741-8376-2308984C910A}.Release|Any CPU.Build.0 = Release|Any CPU
	EndGlobalSection
	GlobalSection(SolutionProperties) = preSolution
		HideSolutionNode = FALSE
	EndGlobalSection
	GlobalSection(ExtensibilityGlobals) = postSolution
		SolutionGuid = {F76FAC83-4A16-4089-9EB4-1D077F90BDD8}
	EndGlobalSection
EndGlobal
